{
  "requires": true,
  "lockfileVersion": 1,
  "dependencies": {
    "@types/pdfjs-dist": {
      "version": "2.1.7",
      "resolved": "https://registry.npmjs.org/@types/pdfjs-dist/-/pdfjs-dist-2.1.7.tgz",
      "integrity": "sha512-nQIwcPUhkAIyn7x9NS0lR/qxYfd5unRtfGkMjvpgF4Sh28IXftRymaNmFKTTdejDNY25NDGSIyjwj/BRwAPexg=="
    },
    "ng2-pdf-viewer": {
      "version": "6.3.2",
      "resolved": "https://registry.npmjs.org/ng2-pdf-viewer/-/ng2-pdf-viewer-6.3.2.tgz",
      "integrity": "sha512-H2tBhDd+Lq6CUzK2g54HsCcZDR2wTn1sDjYqKY3yF0Ydasl2R5ppCKynZBU/zge4EKvmHglJI120FbQMpJKDYQ==",
      "requires": {
        "@types/pdfjs-dist": "^2.1.4",
        "pdfjs-dist": "^2.4.456",
        "tslib": "^1.10.0"
      }
    },
    "pdfjs-dist": {
      "version": "2.5.207",
      "resolved": "https://registry.npmjs.org/pdfjs-dist/-/pdfjs-dist-2.5.207.tgz",
      "integrity": "sha512-xGDUhnCYPfHy+unMXCLCJtlpZaaZ17Ew3WIL0tnSgKFUZXHAPD49GO9xScyszSsQMoutNDgRb+rfBXIaX/lJbw=="
    },
    "tslib": {
      "version": "1.14.1",
      "resolved": "https://registry.npmjs.org/tslib/-/tslib-1.14.1.tgz",
      "integrity": "sha512-Xni35NKzjgMrwevysHTCArtLDpPvye8zV/0E4EyYn43P7/7qvQwPh9BGkHewbMulVntbigmcT7rdX3BNo9wRJg=="
    }
  }
}
